{
  "name": "tjs2020",
  "version": "1.0.0",
  "lockfileVersion": 1,
  "requires": true,
  "dependencies": {
    "typescript": {
      "version": "4.0.1-rc",
      "resolved": "https://registry.npmjs.org/typescript/-/typescript-4.0.1-rc.tgz",
      "integrity": "sha512-TCkspT3dSKOykbzS3/WSK7pqU2h1d/lEO6i45Afm5Y3XNAEAo8YXTG3kHOQk/wFq/5uPyO1+X8rb/Q+g7UsxJw=="
    }
  }
}
